
Microsoft Visual Studio Solution File, Format Version 12.00
# Visual Studio 15
VisualStudioVersion = 15.0.26730.8
MinimumVisualStudioVersion = 10.0.40219.1
Project("{FAE04EC0-301F-11D3-BF4B-00C04F79EFBC}") = "KinectFloor", "KinectFloor\KinectFloor.csproj", "{AF806D99-A5D4-4734-940F-8F66915B07EE}"
EndProject
Global
	GlobalSection(SolutionConfigurationPlatforms) = preSolution
		Debug|Any CPU = Debug|Any CPU
		Release|Any CPU = Release|Any CPU
	EndGlobalSection
	GlobalSection(ProjectConfigurationPlatforms) = postSolution
		{AF806D99-A5D4-4734-940F-8F66915B07EE}.Debug|Any CPU.ActiveCfg = Debug|Any CPU
		{AF806D99-A5D4-4734-940F-8F66915B07EE}.Debug|Any CPU.Build.0 = Debug|Any CPU
		{AF806D99-A5D4-4734-940F-8F66915B07EE}.Release|Any CPU.ActiveCfg = Release|Any CPU
		{AF806D99-A5D4-4734-940F-8F66915B07EE}.Release|Any CPU.Build.0 = Release|Any CPU
	EndGlobalSection
	GlobalSection(SolutionProperties) = preSolution
		HideSolutionNode = FALSE
	EndGlobalSection
	GlobalSection(ExtensibilityGlobals) = postSolution
		SolutionGuid = {0A7C16DC-C307-4A71-A25C-7F0D171D1178}
	EndGlobalSection
EndGlobal
